
Microsoft Visual Studio Solution File, Format Version 12.00
# Visual Studio 2013
VisualStudioVersion = 12.0.21005.1
MinimumVisualStudioVersion = 10.0.40219.1
Project("{FAE04EC0-301F-11D3-BF4B-00C04F79EFBC}") = "Demo", "Demo\Demo.csproj", "{3D820265-B2C8-48B8-A1A1-B5D8EA7522DD}"
EndProject
Global
	GlobalSection(SolutionConfigurationPlatforms) = preSolution
		Debug|Any CPU = Debug|Any CPU
		Release|Any CPU = Release|Any CPU
	EndGlobalSection
	GlobalSection(ProjectConfigurationPlatforms) = postSolution
		{3D820265-B2C8-48B8-A1A1-B5D8EA7522DD}.Debug|Any CPU.ActiveCfg = Debug|Any CPU
		{3D820265-B2C8-48B8-A1A1-B5D8EA7522DD}.Debug|Any CPU.Build.0 = Debug|Any CPU
		{3D820265-B2C8-48B8-A1A1-B5D8EA7522DD}.Release|Any CPU.ActiveCfg = Release|Any CPU
		{3D820265-B2C8-48B8-A1A1-B5D8EA7522DD}.Release|Any CPU.Build.0 = Release|Any CPU
	EndGlobalSection
	GlobalSection(SolutionProperties) = preSolution
		HideSolutionNode = FALSE
	EndGlobalSection
EndGlobal
